
Microsoft Visual Studio Solution File, Format Version 12.00
# Visual Studio Version 17
VisualStudioVersion = 17.5.33424.131
MinimumVisualStudioVersion = 10.0.40219.1
Project("{FAE04EC0-301F-11D3-BF4B-00C04F79EFBC}") = "cs.api.charityscan", "cs.api.charityscan.csproj", "{4AF9CF78-89C1-4F59-BB5D-216158A7C437}"
EndProject
Global
	GlobalSection(SolutionConfigurationPlatforms) = preSolution
		Debug|Any CPU = Debug|Any CPU
		Release|Any CPU = Release|Any CPU
	EndGlobalSection
	GlobalSection(ProjectConfigurationPlatforms) = postSolution
		{4AF9CF78-89C1-4F59-BB5D-216158A7C437}.Debug|Any CPU.ActiveCfg = Debug|Any CPU
		{4AF9CF78-89C1-4F59-BB5D-216158A7C437}.Debug|Any CPU.Build.0 = Debug|Any CPU
		{4AF9CF78-89C1-4F59-BB5D-216158A7C437}.Release|Any CPU.ActiveCfg = Release|Any CPU
		{4AF9CF78-89C1-4F59-BB5D-216158A7C437}.Release|Any CPU.Build.0 = Release|Any CPU
	EndGlobalSection
	GlobalSection(SolutionProperties) = preSolution
		HideSolutionNode = FALSE
	EndGlobalSection
	GlobalSection(ExtensibilityGlobals) = postSolution
		SolutionGuid = {4BA29A3D-F249-4DBA-A7E0-B12EF062A9D1}
	EndGlobalSection
EndGlobal
